
Microsoft Visual Studio Solution File, Format Version 12.00
# Visual Studio Version 17
VisualStudioVersion = 17.9.34616.47
MinimumVisualStudioVersion = 10.0.40219.1
Project("{9A19103F-16F7-4668-BE54-9A1E7A4F7556}") = "date-night-user", "date-night\date-night-user.csproj", "{A42B4D44-B08F-452A-A9D0-7D7B91861FDC}"
EndProject
Project("{FAE04EC0-301F-11D3-BF4B-00C04F79EFBC}") = "date-night-admin", "date-night-admin\date-night-admin.csproj", "{7986500D-7701-48EC-8011-783DDE1B7C37}"
EndProject
Global
	GlobalSection(SolutionConfigurationPlatforms) = preSolution
		Debug|Any CPU = Debug|Any CPU
		Release|Any CPU = Release|Any CPU
	EndGlobalSection
	GlobalSection(ProjectConfigurationPlatforms) = postSolution
		{A42B4D44-B08F-452A-A9D0-7D7B91861FDC}.Debug|Any CPU.ActiveCfg = Debug|Any CPU
		{A42B4D44-B08F-452A-A9D0-7D7B91861FDC}.Debug|Any CPU.Build.0 = Debug|Any CPU
		{A42B4D44-B08F-452A-A9D0-7D7B91861FDC}.Release|Any CPU.ActiveCfg = Release|Any CPU
		{A42B4D44-B08F-452A-A9D0-7D7B91861FDC}.Release|Any CPU.Build.0 = Release|Any CPU
		{7986500D-7701-48EC-8011-783DDE1B7C37}.Debug|Any CPU.ActiveCfg = Debug|Any CPU
		{7986500D-7701-48EC-8011-783DDE1B7C37}.Debug|Any CPU.Build.0 = Debug|Any CPU
		{7986500D-7701-48EC-8011-783DDE1B7C37}.Release|Any CPU.ActiveCfg = Release|Any CPU
		{7986500D-7701-48EC-8011-783DDE1B7C37}.Release|Any CPU.Build.0 = Release|Any CPU
	EndGlobalSection
	GlobalSection(SolutionProperties) = preSolution
		HideSolutionNode = FALSE
	EndGlobalSection
	GlobalSection(ExtensibilityGlobals) = postSolution
		SolutionGuid = {50274D30-1080-4220-AFA8-4BAC1C03203E}
	EndGlobalSection
EndGlobal
